{
  "name": "@anywidget-experiments/chartgpu-widget",
  "version": "0.1.0",
  "lockfileVersion": 3,
  "requires": true,
  "packages": {
    "": {
      "name": "@anywidget-experiments/chartgpu-widget",
      "version": "0.1.0",
      "dependencies": {
        "chartgpu": "^0.2.5"
      }
    },
    "node_modules/chartgpu": {
      "version": "0.2.9",
      "resolved": "https://registry.npmjs.org/chartgpu/-/chartgpu-0.2.9.tgz",
      "integrity": "sha512-5ulI1fYME4MtFbbXcIlQc1AUrboe7RviLigoxtKcGe3Cvt6EMj9nr717+6c8qDns9FwrZpkC7NEt95BO0rLUjw=="
    }
  }
}
