{
  "name": "anywidget-experiments",
  "version": "0.1.0",
  "lockfileVersion": 3,
  "requires": true,
  "packages": {
    "": {
      "name": "anywidget-experiments",
      "version": "0.1.0",
      "devDependencies": {
        "mystmd": "^1.8.3"
      }
    },
    "node_modules/mystmd": {
      "version": "1.8.3",
      "resolved": "https://registry.npmjs.org/mystmd/-/mystmd-1.8.3.tgz",
      "integrity": "sha512-sAdTEgy3EX9lc/qddzgJU62oCZTMhGgu0GZsCuMCmOuXXsyDMqHGW4lEE+eMmk8bx+2DsmkTnlQnaKgVq03gfw==",
      "dev": true,
      "bin": {
        "myst": "dist/myst.cjs"
      }
    }
  }
}
