{
  "name": "@anywidget-experiments/typed-counter",
  "version": "0.1.0",
  "lockfileVersion": 3,
  "requires": true,
  "packages": {
    "": {
      "name": "@anywidget-experiments/typed-counter",
      "version": "0.1.0",
      "devDependencies": {
        "@anywidget/types": "^0.2.0",
        "typescript": "^5.4.0"
      }
    },
    "node_modules/@anywidget/types": {
      "version": "0.2.0",
      "resolved": "https://registry.npmjs.org/@anywidget/types/-/types-0.2.0.tgz",
      "integrity": "sha512-+XtK4uwxRd4JpuevUMhirrbvC0V4yCA/i0lEjhmSAtOaxiXIg/vBKzaSonDuoZ1a9LEjUXTW2+m7w+ULgsJYvg==",
      "dev": true
    },
    "node_modules/typescript": {
      "version": "5.9.3",
      "resolved": "https://registry.npmjs.org/typescript/-/typescript-5.9.3.tgz",
      "integrity": "sha512-jl1vZzPDinLr9eUt3J/t7V6FgNEw9QjvBPdysz9KfQDD41fQrC2Y4vKQdiaUpFT4bXlb1RHhLpp8wtm6M5TgSw==",
      "dev": true,
      "license": "Apache-2.0",
      "bin": {
        "tsc": "bin/tsc",
        "tsserver": "bin/tsserver"
      },
      "engines": {
        "node": ">=14.17"
      }
    }
  }
}
